PODS:
  - Alamofire (4.5.1)
  - PusherChatkit (0.4.1):
    - PusherPlatform (~> 0.2.1)
  - PusherPlatform (0.2.1)

DEPENDENCIES:
  - Alamofire
  - PusherChatkit

SPEC CHECKSUMS:
  Alamofire: 2d95912bf4c34f164fdfc335872e8c312acaea4a
  PusherChatkit: f1c1649f55fdb2b2737eb2c5043b9e678f3bd2c8
  PusherPlatform: de6469633edb6d581f0611674683c23d7f38b5f0

PODFILE CHECKSUM: 1aa7883ca9f16a095f0b3d77e219ebe21727a0c4

COCOAPODS: 1.4.0.beta.2
