// !$*UTF8*$!
{
	archiveVersion = 1;
	classes = {
	};
	objectVersion = 48;
	objects = {

/* Begin PBXBuildFile section */
		53BD1F040FB8088DABFCFBA6 /* Pods_chatroom.framework in Frameworks */ = {isa = PBXBuildFile; fileRef = 4606269D9DA214FDBCC2BD8D /* Pods_chatroom.framework */; };
		B5155A401FA29FA100DD79EC /* AppDelegate.swift in Sources */ = {isa = PBXBuildFile; fileRef = B5155A3F1FA29FA100DD79EC /* AppDelegate.swift */; };
		B5155A421FA29FA100DD79EC /* ViewController.swift in Sources */ = {isa = PBXBuildFile; fileRef = B5155A411FA29FA100DD79EC /* ViewController.swift */; };
		B5155A451FA29FA100DD79EC /* Main.storyboard in Resources */ = {isa = PBXBuildFile; fileRef = B5155A431FA29FA100DD79EC /* Main.storyboard */; };
		B5155A471FA29FA100DD79EC /* Assets.xcassets in Resources */ = {isa = PBXBuildFile; fileRef = B5155A461FA29FA100DD79EC /* Assets.xcassets */; };
		B5155A4A1FA29FA100DD79EC /* LaunchScreen.storyboard in Resources */ = {isa = PBXBuildFile; fileRef = B5155A481FA29FA100DD79EC /* LaunchScreen.storyboard */; };
		B5155A521FA2AE6A00DD79EC /* AuthViewController.swift in Sources */ = {isa = PBXBuildFile; fileRef = B5155A511FA2AE6A00DD79EC /* AuthViewController.swift */; };
		B5155A541FA2BD6800DD79EC /* RoomsTableViewController.swift in Sources */ = {isa = PBXBuildFile; fileRef = B5155A531FA2BD6800DD79EC /* RoomsTableViewController.swift */; };
		B5155A561FA2CD4500DD79EC /* RoomTableViewController.swift in Sources */ = {isa = PBXBuildFile; fileRef = B5155A551FA2CD4500DD79EC /* RoomTableViewController.swift */; };
		B5155A581FA31E0700DD79EC /* MessageTableViewCell.swift in Sources */ = {isa = PBXBuildFile; fileRef = B5155A571FA31E0600DD79EC /* MessageTableViewCell.swift */; };
/* End PBXBuildFile section */

/* Begin PBXFileReference section */
		1173589C39C9FA7BB84EF42F /* Pods-chatroom.release.xcconfig */ = {isa = PBXFileReference; includeInIndex = 1; lastKnownFileType = text.xcconfig; name = "Pods-chatroom.release.xcconfig"; path = "Pods/Target Support Files/Pods-chatroom/Pods-chatroom.release.xcconfig"; sourceTree = "<group>"; };
		4606269D9DA214FDBCC2BD8D /* Pods_chatroom.framework */ = {isa = PBXFileReference; explicitFileType = wrapper.framework; includeInIndex = 0; path = Pods_chatroom.framework; sourceTree = BUILT_PRODUCTS_DIR; };
		67D04406FF2BF7745F9B64DA /* Pods-chatroom.debug.xcconfig */ = {isa = PBXFileReference; includeInIndex = 1; lastKnownFileType = text.xcconfig; name = "Pods-chatroom.debug.xcconfig"; path = "Pods/Target Support Files/Pods-chatroom/Pods-chatroom.debug.xcconfig"; sourceTree = "<group>"; };
		B5155A3C1FA29FA100DD79EC /* chatroom.app */ = {isa = PBXFileReference; explicitFileType = wrapper.application; includeInIndex = 0; path = chatroom.app; sourceTree = BUILT_PRODUCTS_DIR; };
		B5155A3F1FA29FA100DD79EC /* AppDelegate.swift */ = {isa = PBXFileReference; lastKnownFileType = sourcecode.swift; path = AppDelegate.swift; sourceTree = "<group>"; };
		B5155A411FA29FA100DD79EC /* ViewController.swift */ = {isa = PBXFileReference; lastKnownFileType = sourcecode.swift; path = ViewController.swift; sourceTree = "<group>"; };
		B5155A441FA29FA100DD79EC /* Base */ = {isa = PBXFileReference; lastKnownFileType = file.storyboard; name = Base; path = Base.lproj/Main.storyboard; sourceTree = "<group>"; };
		B5155A461FA29FA100DD79EC /* Assets.xcassets */ = {isa = PBXFileReference; lastKnownFileType = folder.assetcatalog; path = Assets.xcassets; sourceTree = "<group>"; };
		B5155A491FA29FA100DD79EC /* Base */ = {isa = PBXFileReference; lastKnownFileType = file.storyboard; name = Base; path = Base.lproj/LaunchScreen.storyboard; sourceTree = "<group>"; };
		B5155A4B1FA29FA100DD79EC /* Info.plist */ = {isa = PBXFileReference; lastKnownFileType = text.plist.xml; path = Info.plist; sourceTree = "<group>"; };
		B5155A511FA2AE6A00DD79EC /* AuthViewController.swift */ = {isa = PBXFileReference; lastKnownFileType = sourcecode.swift; path = AuthViewController.swift; sourceTree = "<group>"; };
		B5155A531FA2BD6800DD79EC /* RoomsTableViewController.swift */ = {isa = PBXFileReference; lastKnownFileType = sourcecode.swift; path = RoomsTableViewController.swift; sourceTree = "<group>"; };
		B5155A551FA2CD4500DD79EC /* RoomTableViewController.swift */ = {isa = PBXFileReference; lastKnownFileType = sourcecode.swift; path = RoomTableViewController.swift; sourceTree = "<group>"; };
		B5155A571FA31E0600DD79EC /* MessageTableViewCell.swift */ = {isa = PBXFileReference; lastKnownFileType = sourcecode.swift; path = MessageTableViewCell.swift; sourceTree = "<group>"; };
/* End PBXFileReference section */

/* Begin PBXFrameworksBuildPhase section */
		B5155A391FA29FA100DD79EC /* Frameworks */ = {
			isa = PBXFrameworksBuildPhase;
			buildActionMask = 2147483647;
			files = (
				53BD1F040FB8088DABFCFBA6 /* Pods_chatroom.framework in Frameworks */,
			);
			runOnlyForDeploymentPostprocessing = 0;
		};
/* End PBXFrameworksBuildPhase section */

/* Begin PBXGroup section */
		B5155A331FA29FA100DD79EC = {
			isa = PBXGroup;
			children = (
				B5155A3E1FA29FA100DD79EC /* chatroom */,
				B5155A3D1FA29FA100DD79EC /* Products */,
				E021388715D7F752665DD06E /* Pods */,
				C54031586F76BE3EBC9189E0 /* Frameworks */,
			);
			sourceTree = "<group>";
		};
		B5155A3D1FA29FA100DD79EC /* Products */ = {
			isa = PBXGroup;
			children = (
				B5155A3C1FA29FA100DD79EC /* chatroom.app */,
			);
			name = Products;
			sourceTree = "<group>";
		};
		B5155A3E1FA29FA100DD79EC /* chatroom */ = {
			isa = PBXGroup;
			children = (
				B5155A571FA31E0600DD79EC /* MessageTableViewCell.swift */,
				B5155A551FA2CD4500DD79EC /* RoomTableViewController.swift */,
				B5155A531FA2BD6800DD79EC /* RoomsTableViewController.swift */,
				B5155A3F1FA29FA100DD79EC /* AppDelegate.swift */,
				B5155A411FA29FA100DD79EC /* ViewController.swift */,
				B5155A431FA29FA100DD79EC /* Main.storyboard */,
				B5155A461FA29FA100DD79EC /* Assets.xcassets */,
				B5155A481FA29FA100DD79EC /* LaunchScreen.storyboard */,
				B5155A4B1FA29FA100DD79EC /* Info.plist */,
				B5155A511FA2AE6A00DD79EC /* AuthViewController.swift */,
			);
			path = chatroom;
			sourceTree = "<group>";
		};
		C54031586F76BE3EBC9189E0 /* Frameworks */ = {
			isa = PBXGroup;
			children = (
				4606269D9DA214FDBCC2BD8D /* Pods_chatroom.framework */,
			);
			name = Frameworks;
			sourceTree = "<group>";
		};
		E021388715D7F752665DD06E /* Pods */ = {
			isa = PBXGroup;
			children = (
				67D04406FF2BF7745F9B64DA /* Pods-chatroom.debug.xcconfig */,
				1173589C39C9FA7BB84EF42F /* Pods-chatroom.release.xcconfig */,
			);
			name = Pods;
			sourceTree = "<group>";
		};
/* End PBXGroup section */

/* Begin PBXNativeTarget section */
		B5155A3B1FA29FA100DD79EC /* chatroom */ = {
			isa = PBXNativeTarget;
			buildConfigurationList = B5155A4E1FA29FA100DD79EC /* Build configuration list for PBXNativeTarget "chatroom" */;
			buildPhases = (
				01B6D1E7E358CFD116F30A13 /* [CP] Check Pods Manifest.lock */,
				B5155A381FA29FA100DD79EC /* Sources */,
				B5155A391FA29FA100DD79EC /* Frameworks */,
				B5155A3A1FA29FA100DD79EC /* Resources */,
				17E550170BDE26F1306BC5F7 /* [CP] Embed Pods Frameworks */,
				A917BA93610EE64968FF64D4 /* [CP] Copy Pods Resources */,
			);
			buildRules = (
			);
			dependencies = (
			);
			name = chatroom;
			productName = chatroom;
			productReference = B5155A3C1FA29FA100DD79EC /* chatroom.app */;
			productType = "com.apple.product-type.application";
		};
/* End PBXNativeTarget section */

/* Begin PBXProject section */
		B5155A341FA29FA100DD79EC /* Project object */ = {
			isa = PBXProject;
			attributes = {
				LastSwiftUpdateCheck = 0900;
				LastUpgradeCheck = 0900;
				ORGANIZATIONNAME = "CreativityKills Co.";
				TargetAttributes = {
					B5155A3B1FA29FA100DD79EC = {
						CreatedOnToolsVersion = 9.0.1;
						ProvisioningStyle = Automatic;
					};
				};
			};
			buildConfigurationList = B5155A371FA29FA100DD79EC /* Build configuration list for PBXProject "chatroom" */;
			compatibilityVersion = "Xcode 8.0";
			developmentRegion = en;
			hasScannedForEncodings = 0;
			knownRegions = (
				en,
				Base,
			);
			mainGroup = B5155A331FA29FA100DD79EC;
			productRefGroup = B5155A3D1FA29FA100DD79EC /* Products */;
			projectDirPath = "";
			projectRoot = "";
			targets = (
				B5155A3B1FA29FA100DD79EC /* chatroom */,
			);
		};
/* End PBXProject section */

/* Begin PBXResourcesBuildPhase section */
		B5155A3A1FA29FA100DD79EC /* Resources */ = {
			isa = PBXResourcesBuildPhase;
			buildActionMask = 2147483647;
			files = (
				B5155A4A1FA29FA100DD79EC /* LaunchScreen.storyboard in Resources */,
				B5155A471FA29FA100DD79EC /* Assets.xcassets in Resources */,
				B5155A451FA29FA100DD79EC /* Main.storyboard in Resources */,
			);
			runOnlyForDeploymentPostprocessing = 0;
		};
/* End PBXResourcesBuildPhase section */

/* Begin PBXShellScriptBuildPhase section */
		01B6D1E7E358CFD116F30A13 /* [CP] Check Pods Manifest.lock */ = {
			isa = PBXShellScriptBuildPhase;
			buildActionMask = 2147483647;
			files = (
			);
			inputPaths = (
				"${PODS_PODFILE_DIR_PATH}/Podfile.lock",
				"${PODS_ROOT}/Manifest.lock",
			);
			name = "[CP] Check Pods Manifest.lock";
			outputPaths = (
				"$(DERIVED_FILE_DIR)/Pods-chatroom-checkManifestLockResult.txt",
			);
			runOnlyForDeploymentPostprocessing = 0;
			shellPath = /bin/sh;
			shellScript = "diff \"${PODS_PODFILE_DIR_PATH}/Podfile.lock\" \"${PODS_ROOT}/Manifest.lock\" > /dev/null\nif [ $? != 0 ] ; then\n    # print error to STDERR\n    echo \"error: The sandbox is not in sync with the Podfile.lock. Run 'pod install' or update your CocoaPods installation.\" >&2\n    exit 1\nfi\n# This output is used by Xcode 'outputs' to avoid re-running this script phase.\necho \"SUCCESS\" > \"${SCRIPT_OUTPUT_FILE_0}\"\n";
			showEnvVarsInLog = 0;
		};
		17E550170BDE26F1306BC5F7 /* [CP] Embed Pods Frameworks */ = {
			isa = PBXShellScriptBuildPhase;
			buildActionMask = 2147483647;
			files = (
			);
			inputPaths = (
				"${SRCROOT}/Pods/Target Support Files/Pods-chatroom/Pods-chatroom-frameworks.sh",
				"${BUILT_PRODUCTS_DIR}/Alamofire/Alamofire.framework",
				"${BUILT_PRODUCTS_DIR}/PusherChatkit/PusherChatkit.framework",
				"${BUILT_PRODUCTS_DIR}/PusherPlatform/PusherPlatform.framework",
			);
			name = "[CP] Embed Pods Frameworks";
			outputPaths = (
				"${TARGET_BUILD_DIR}/${FRAMEWORKS_FOLDER_PATH}/Alamofire.framework",
				"${TARGET_BUILD_DIR}/${FRAMEWORKS_FOLDER_PATH}/PusherChatkit.framework",
				"${TARGET_BUILD_DIR}/${FRAMEWORKS_FOLDER_PATH}/PusherPlatform.framework",
			);
			runOnlyForDeploymentPostprocessing = 0;
			shellPath = /bin/sh;
			shellScript = "\"${SRCROOT}/Pods/Target Support Files/Pods-chatroom/Pods-chatroom-frameworks.sh\"\n";
			showEnvVarsInLog = 0;
		};
		A917BA93610EE64968FF64D4 /* [CP] Copy Pods Resources */ = {
			isa = PBXShellScriptBuildPhase;
			buildActionMask = 2147483647;
			files = (
			);
			inputPaths = (
			);
			name = "[CP] Copy Pods Resources";
			outputPaths = (
			);
			runOnlyForDeploymentPostprocessing = 0;
			shellPath = /bin/sh;
			shellScript = "\"${SRCROOT}/Pods/Target Support Files/Pods-chatroom/Pods-chatroom-resources.sh\"\n";
			showEnvVarsInLog = 0;
		};
/* End PBXShellScriptBuildPhase section */

/* Begin PBXSourcesBuildPhase section */
		B5155A381FA29FA100DD79EC /* Sources */ = {
			isa = PBXSourcesBuildPhase;
			buildActionMask = 2147483647;
			files = (
				B5155A561FA2CD4500DD79EC /* RoomTableViewController.swift in Sources */,
				B5155A541FA2BD6800DD79EC /* RoomsTableViewController.swift in Sources */,
				B5155A421FA29FA100DD79EC /* ViewController.swift in Sources */,
				B5155A521FA2AE6A00DD79EC /* AuthViewController.swift in Sources */,
				B5155A401FA29FA100DD79EC /* AppDelegate.swift in Sources */,
				B5155A581FA31E0700DD79EC /* MessageTableViewCell.swift in Sources */,
			);
			runOnlyForDeploymentPostprocessing = 0;
		};
/* End PBXSourcesBuildPhase section */

/* Begin PBXVariantGroup section */
		B5155A431FA29FA100DD79EC /* Main.storyboard */ = {
			isa = PBXVariantGroup;
			children = (
				B5155A441FA29FA100DD79EC /* Base */,
			);
			name = Main.storyboard;
			sourceTree = "<group>";
		};
		B5155A481FA29FA100DD79EC /* LaunchScreen.storyboard */ = {
			isa = PBXVariantGroup;
			children = (
				B5155A491FA29FA100DD79EC /* Base */,
			);
			name = LaunchScreen.storyboard;
			sourceTree = "<group>";
		};
/* End PBXVariantGroup section */

/* Begin XCBuildConfiguration section */
		B5155A4C1FA29FA100DD79EC /* Debug */ = {
			isa = XCBuildConfiguration;
			buildSettings = {
				ALWAYS_SEARCH_USER_PATHS = NO;
				CLANG_ANALYZER_NONNULL = YES;
				CLANG_ANALYZER_NUMBER_OBJECT_CONVERSION = YES_AGGRESSIVE;
				CLANG_CXX_LANGUAGE_STANDARD = "gnu++14";
				CLANG_CXX_LIBRARY = "libc++";
				CLANG_ENABLE_MODULES = YES;
				CLANG_ENABLE_OBJC_ARC = YES;
				CLANG_WARN_BLOCK_CAPTURE_AUTORELEASING = YES;
				CLANG_WARN_BOOL_CONVERSION = YES;
				CLANG_WARN_COMMA = YES;
				CLANG_WARN_CONSTANT_CONVERSION = YES;
				CLANG_WARN_DIRECT_OBJC_ISA_USAGE = YES_ERROR;
				CLANG_WARN_DOCUMENTATION_COMMENTS = YES;
				CLANG_WARN_EMPTY_BODY = YES;
				CLANG_WARN_ENUM_CONVERSION = YES;
				CLANG_WARN_INFINITE_RECURSION = YES;
				CLANG_WARN_INT_CONVERSION = YES;
				CLANG_WARN_NON_LITERAL_NULL_CONVERSION = YES;
				CLANG_WARN_OBJC_LITERAL_CONVERSION = YES;
				CLANG_WARN_OBJC_ROOT_CLASS = YES_ERROR;
				CLANG_WARN_RANGE_LOOP_ANALYSIS = YES;
				CLANG_WARN_STRICT_PROTOTYPES = YES;
				CLANG_WARN_SUSPICIOUS_MOVE = YES;
				CLANG_WARN_UNGUARDED_AVAILABILITY = YES_AGGRESSIVE;
				CLANG_WARN_UNREACHABLE_CODE = YES;
				CLANG_WARN__DUPLICATE_METHOD_MATCH = YES;
				CODE_SIGN_IDENTITY = "iPhone Developer";
				COPY_PHASE_STRIP = NO;
				DEBUG_INFORMATION_FORMAT = dwarf;
				ENABLE_STRICT_OBJC_MSGSEND = YES;
				ENABLE_TESTABILITY = YES;
				GCC_C_LANGUAGE_STANDARD = gnu11;
				GCC_DYNAMIC_NO_PIC = NO;
				GCC_NO_COMMON_BLOCKS = YES;
				GCC_OPTIMIZATION_LEVEL = 0;
				GCC_PREPROCESSOR_DEFINITIONS = (
					"DEBUG=1",
					"$(inherited)",
				);
				GCC_WARN_64_TO_32_BIT_CONVERSION = YES;
				GCC_WARN_ABOUT_RETURN_TYPE = YES_ERROR;
				GCC_WARN_UNDECLARED_SELECTOR = YES;
				GCC_WARN_UNINITIALIZED_AUTOS = YES_AGGRESSIVE;
				GCC_WARN_UNUSED_FUNCTION = YES;
				GCC_WARN_UNUSED_VARIABLE = YES;
				IPHONEOS_DEPLOYMENT_TARGET = 11.0;
				MTL_ENABLE_DEBUG_INFO = YES;
				ONLY_ACTIVE_ARCH = YES;
				SDKROOT = iphoneos;
				SWIFT_ACTIVE_COMPILATION_CONDITIONS = DEBUG;
				SWIFT_OPTIMIZATION_LEVEL = "-Onone";
			};
			name = Debug;
		};
		B5155A4D1FA29FA100DD79EC /* Release */ = {
			isa = XCBuildConfiguration;
			buildSettings = {
				ALWAYS_SEARCH_USER_PATHS = NO;
				CLANG_ANALYZER_NONNULL = YES;
				CLANG_ANALYZER_NUMBER_OBJECT_CONVERSION = YES_AGGRESSIVE;
				CLANG_CXX_LANGUAGE_STANDARD = "gnu++14";
				CLANG_CXX_LIBRARY = "libc++";
				CLANG_ENABLE_MODULES = YES;
				CLANG_ENABLE_OBJC_ARC = YES;
				CLANG_WARN_BLOCK_CAPTURE_AUTORELEASING = YES;
				CLANG_WARN_BOOL_CONVERSION = YES;
				CLANG_WARN_COMMA = YES;
				CLANG_WARN_CONSTANT_CONVERSION = YES;
				CLANG_WARN_DIRECT_OBJC_ISA_USAGE = YES_ERROR;
				CLANG_WARN_DOCUMENTATION_COMMENTS = YES;
				CLANG_WARN_EMPTY_BODY = YES;
				CLANG_WARN_ENUM_CONVERSION = YES;
				CLANG_WARN_INFINITE_RECURSION = YES;
				CLANG_WARN_INT_CONVERSION = YES;
				CLANG_WARN_NON_LITERAL_NULL_CONVERSION = YES;
				CLANG_WARN_OBJC_LITERAL_CONVERSION = YES;
				CLANG_WARN_OBJC_ROOT_CLASS = YES_ERROR;
				CLANG_WARN_RANGE_LOOP_ANALYSIS = YES;
				CLANG_WARN_STRICT_PROTOTYPES = YES;
				CLANG_WARN_SUSPICIOUS_MOVE = YES;
				CLANG_WARN_UNGUARDED_AVAILABILITY = YES_AGGRESSIVE;
				CLANG_WARN_UNREACHABLE_CODE = YES;
				CLANG_WARN__DUPLICATE_METHOD_MATCH = YES;
				CODE_SIGN_IDENTITY = "iPhone Developer";
				COPY_PHASE_STRIP = NO;
				DEBUG_INFORMATION_FORMAT = "dwarf-with-dsym";
				ENABLE_NS_ASSERTIONS = NO;
				ENABLE_STRICT_OBJC_MSGSEND = YES;
				GCC_C_LANGUAGE_STANDARD = gnu11;
				GCC_NO_COMMON_BLOCKS = YES;
				GCC_WARN_64_TO_32_BIT_CONVERSION = YES;
				GCC_WARN_ABOUT_RETURN_TYPE = YES_ERROR;
				GCC_WARN_UNDECLARED_SELECTOR = YES;
				GCC_WARN_UNINITIALIZED_AUTOS = YES_AGGRESSIVE;
				GCC_WARN_UNUSED_FUNCTION = YES;
				GCC_WARN_UNUSED_VARIABLE = YES;
				IPHONEOS_DEPLOYMENT_TARGET = 11.0;
				MTL_ENABLE_DEBUG_INFO = NO;
				SDKROOT = iphoneos;
				SWIFT_OPTIMIZATION_LEVEL = "-Owholemodule";
				VALIDATE_PRODUCT = YES;
			};
			name = Release;
		};
		B5155A4F1FA29FA100DD79EC /* Debug */ = {
			isa = XCBuildConfiguration;
			baseConfigurationReference = 67D04406FF2BF7745F9B64DA /* Pods-chatroom.debug.xcconfig */;
			buildSettings = {
				ASSETCATALOG_COMPILER_APPICON_NAME = AppIcon;
				CODE_SIGN_STYLE = Automatic;
				DEVELOPMENT_TEAM = FMQ6R58UAV;
				INFOPLIST_FILE = chatroom/Info.plist;
				LD_RUNPATH_SEARCH_PATHS = "$(inherited) @executable_path/Frameworks";
				PRODUCT_BUNDLE_IDENTIFIER = co.creativitykills.chatroom;
				PRODUCT_NAME = "$(TARGET_NAME)";
				SWIFT_VERSION = 4.0;
				TARGETED_DEVICE_FAMILY = "1,2";
			};
			name = Debug;
		};
		B5155A501FA29FA100DD79EC /* Release */ = {
			isa = XCBuildConfiguration;
			baseConfigurationReference = 1173589C39C9FA7BB84EF42F /* Pods-chatroom.release.xcconfig */;
			buildSettings = {
				ASSETCATALOG_COMPILER_APPICON_NAME = AppIcon;
				CODE_SIGN_STYLE = Automatic;
				DEVELOPMENT_TEAM = FMQ6R58UAV;
				INFOPLIST_FILE = chatroom/Info.plist;
				LD_RUNPATH_SEARCH_PATHS = "$(inherited) @executable_path/Frameworks";
				PRODUCT_BUNDLE_IDENTIFIER = co.creativitykills.chatroom;
				PRODUCT_NAME = "$(TARGET_NAME)";
				SWIFT_VERSION = 4.0;
				TARGETED_DEVICE_FAMILY = "1,2";
			};
			name = Release;
		};
/* End XCBuildConfiguration section */

/* Begin XCConfigurationList section */
		B5155A371FA29FA100DD79EC /* Build configuration list for PBXProject "chatroom" */ = {
			isa = XCConfigurationList;
			buildConfigurations = (
				B5155A4C1FA29FA100DD79EC /* Debug */,
				B5155A4D1FA29FA100DD79EC /* Release */,
			);
			defaultConfigurationIsVisible = 0;
			defaultConfigurationName = Release;
		};
		B5155A4E1FA29FA100DD79EC /* Build configuration list for PBXNativeTarget "chatroom" */ = {
			isa = XCConfigurationList;
			buildConfigurations = (
				B5155A4F1FA29FA100DD79EC /* Debug */,
				B5155A501FA29FA100DD79EC /* Release */,
			);
			defaultConfigurationIsVisible = 0;
			defaultConfigurationName = Release;
		};
/* End XCConfigurationList section */
	};
	rootObject = B5155A341FA29FA100DD79EC /* Project object */;
}
